// !$*UTF8*$!
{
	archiveVersion = 1;
	classes = {
	};
	objectVersion = 46;
	objects = {

/* Begin PBXBuildFile section */
		BA07BAB51A1D909900A4BB4C /* CommentsViewController.m in Sources */ = {isa = PBXBuildFile; fileRef = BA07BAB41A1D909900A4BB4C /* CommentsViewController.m */; };
		BA07BAB81A1D925900A4BB4C /* RateViewController.m in Sources */ = {isa = PBXBuildFile; fileRef = BA07BAB71A1D925900A4BB4C /* RateViewController.m */; };
		BA3F23841A1DF89B009E891B /* Star-Half.png in Resources */ = {isa = PBXBuildFile; fileRef = BA3F23831A1DF89B009E891B /* Star-Half.png */; };
		BA3F23861A1DF8B7009E891B /* Star-Full.png in Resources */ = {isa = PBXBuildFile; fileRef = BA3F23851A1DF8B7009E891B /* Star-Full.png */; };
		BA3F23881A1DF8C0009E891B /* Star-Empty.png in Resources */ = {isa = PBXBuildFile; fileRef = BA3F23871A1DF8C0009E891B /* Star-Empty.png */; };
		BA51DE921A1D4E7000D3700A /* main.m in Sources */ = {isa = PBXBuildFile; fileRef = BA51DE911A1D4E7000D3700A /* main.m */; };
		BA51DE951A1D4E7000D3700A /* AppDelegate.m in Sources */ = {isa = PBXBuildFile; fileRef = BA51DE941A1D4E7000D3700A /* AppDelegate.m */; };
		BA51DE981A1D4E7000D3700A /* InstructorListViewController.m in Sources */ = {isa = PBXBuildFile; fileRef = BA51DE971A1D4E7000D3700A /* InstructorListViewController.m */; };
		BA51DE9B1A1D4E7000D3700A /* Main.storyboard in Resources */ = {isa = PBXBuildFile; fileRef = BA51DE991A1D4E7000D3700A /* Main.storyboard */; };
		BA51DE9D1A1D4E7000D3700A /* Images.xcassets in Resources */ = {isa = PBXBuildFile; fileRef = BA51DE9C1A1D4E7000D3700A /* Images.xcassets */; };
		BA51DEA01A1D4E7000D3700A /* LaunchScreen.xib in Resources */ = {isa = PBXBuildFile; fileRef = BA51DE9E1A1D4E7000D3700A /* LaunchScreen.xib */; };
		BA51DEAC1A1D4E7000D3700A /* Assignment5Tests.m in Sources */ = {isa = PBXBuildFile; fileRef = BA51DEAB1A1D4E7000D3700A /* Assignment5Tests.m */; };
		BA51DEB71A1D4EE400D3700A /* InstructorViewController.m in Sources */ = {isa = PBXBuildFile; fileRef = BA51DEB61A1D4EE400D3700A /* InstructorViewController.m */; };
		BA51DEBA1A1D4FA700D3700A /* Instructor.m in Sources */ = {isa = PBXBuildFile; fileRef = BA51DEB91A1D4FA700D3700A /* Instructor.m */; };
		BA51DEBD1A1D59CA00D3700A /* RateView.m in Sources */ = {isa = PBXBuildFile; fileRef = BA51DEBC1A1D59CA00D3700A /* RateView.m */; };
		BA51DEC01A1D5A4800D3700A /* RatingTableViewCell.m in Sources */ = {isa = PBXBuildFile; fileRef = BA51DEBF1A1D5A4800D3700A /* RatingTableViewCell.m */; };
		BA51DEC21A1D5A7400D3700A /* RatingViewCell.xib in Resources */ = {isa = PBXBuildFile; fileRef = BA51DEC11A1D5A7400D3700A /* RatingViewCell.xib */; };
/* End PBXBuildFile section */

/* Begin PBXContainerItemProxy section */
		BA51DEA61A1D4E7000D3700A /* PBXContainerItemProxy */ = {
			isa = PBXContainerItemProxy;
			containerPortal = BA51DE841A1D4E7000D3700A /* Project object */;
			proxyType = 1;
			remoteGlobalIDString = BA51DE8B1A1D4E7000D3700A;
			remoteInfo = Assignment5;
		};
/* End PBXContainerItemProxy section */

/* Begin PBXFileReference section */
		BA07BAB31A1D909900A4BB4C /* CommentsViewController.h */ = {isa = PBXFileReference; fileEncoding = 4; lastKnownFileType = sourcecode.c.h; path = CommentsViewController.h; sourceTree = "<group>"; };
		BA07BAB41A1D909900A4BB4C /* CommentsViewController.m */ = {isa = PBXFileReference; fileEncoding = 4; lastKnownFileType = sourcecode.c.objc; path = CommentsViewController.m; sourceTree = "<group>"; };
		BA07BAB61A1D925900A4BB4C /* RateViewController.h */ = {isa = PBXFileReference; fileEncoding = 4; lastKnownFileType = sourcecode.c.h; path = RateViewController.h; sourceTree = "<group>"; };
		BA07BAB71A1D925900A4BB4C /* RateViewController.m */ = {isa = PBXFileReference; fileEncoding = 4; lastKnownFileType = sourcecode.c.objc; path = RateViewController.m; sourceTree = "<group>"; };
		BA3F23831A1DF89B009E891B /* Star-Half.png */ = {isa = PBXFileReference; lastKnownFileType = image.png; path = "Star-Half.png"; sourceTree = "<group>"; };
		BA3F23851A1DF8B7009E891B /* Star-Full.png */ = {isa = PBXFileReference; lastKnownFileType = image.png; path = "Star-Full.png"; sourceTree = "<group>"; };
		BA3F23871A1DF8C0009E891B /* Star-Empty.png */ = {isa = PBXFileReference; lastKnownFileType = image.png; path = "Star-Empty.png"; sourceTree = "<group>"; };
		BA51DE8C1A1D4E7000D3700A /* Assignment5.app */ = {isa = PBXFileReference; explicitFileType = wrapper.application; includeInIndex = 0; path = Assignment5.app; sourceTree = BUILT_PRODUCTS_DIR; };
		BA51DE901A1D4E7000D3700A /* Info.plist */ = {isa = PBXFileReference; lastKnownFileType = text.plist.xml; path = Info.plist; sourceTree = "<group>"; };
		BA51DE911A1D4E7000D3700A /* main.m */ = {isa = PBXFileReference; lastKnownFileType = sourcecode.c.objc; path = main.m; sourceTree = "<group>"; };
		BA51DE931A1D4E7000D3700A /* AppDelegate.h */ = {isa = PBXFileReference; lastKnownFileType = sourcecode.c.h; path = AppDelegate.h; sourceTree = "<group>"; };
		BA51DE941A1D4E7000D3700A /* AppDelegate.m */ = {isa = PBXFileReference; lastKnownFileType = sourcecode.c.objc; path = AppDelegate.m; sourceTree = "<group>"; };
		BA51DE961A1D4E7000D3700A /* InstructorListViewController.h */ = {isa = PBXFileReference; lastKnownFileType = sourcecode.c.h; path = InstructorListViewController.h; sourceTree = "<group>"; };
		BA51DE971A1D4E7000D3700A /* InstructorListViewController.m */ = {isa = PBXFileReference; lastKnownFileType = sourcecode.c.objc; path = InstructorListViewController.m; sourceTree = "<group>"; };
		BA51DE9A1A1D4E7000D3700A /* Base */ = {isa = PBXFileReference; lastKnownFileType = file.storyboard; name = Base; path = Base.lproj/Main.storyboard; sourceTree = "<group>"; };
		BA51DE9C1A1D4E7000D3700A /* Images.xcassets */ = {isa = PBXFileReference; lastKnownFileType = folder.assetcatalog; path = Images.xcassets; sourceTree = "<group>"; };
		BA51DE9F1A1D4E7000D3700A /* Base */ = {isa = PBXFileReference; lastKnownFileType = file.xib; name = Base; path = Base.lproj/LaunchScreen.xib; sourceTree = "<group>"; };
		BA51DEA51A1D4E7000D3700A /* Assignment5Tests.xctest */ = {isa = PBXFileReference; explicitFileType = wrapper.cfbundle; includeInIndex = 0; path = Assignment5Tests.xctest; sourceTree = BUILT_PRODUCTS_DIR; };
		BA51DEAA1A1D4E7000D3700A /* Info.plist */ = {isa = PBXFileReference; lastKnownFileType = text.plist.xml; path = Info.plist; sourceTree = "<group>"; };
		BA51DEAB1A1D4E7000D3700A /* Assignment5Tests.m */ = {isa = PBXFileReference; lastKnownFileType = sourcecode.c.objc; path = Assignment5Tests.m; sourceTree = "<group>"; };
		BA51DEB51A1D4EE400D3700A /* InstructorViewController.h */ = {isa = PBXFileReference; fileEncoding = 4; lastKnownFileType = sourcecode.c.h; path = InstructorViewController.h; sourceTree = "<group>"; };
		BA51DEB61A1D4EE400D3700A /* InstructorViewController.m */ = {isa = PBXFileReference; fileEncoding = 4; lastKnownFileType = sourcecode.c.objc; path = InstructorViewController.m; sourceTree = "<group>"; };
		BA51DEB81A1D4FA700D3700A /* Instructor.h */ = {isa = PBXFileReference; fileEncoding = 4; lastKnownFileType = sourcecode.c.h; path = Instructor.h; sourceTree = "<group>"; };
		BA51DEB91A1D4FA700D3700A /* Instructor.m */ = {isa = PBXFileReference; fileEncoding = 4; lastKnownFileType = sourcecode.c.objc; path = Instructor.m; sourceTree = "<group>"; };
		BA51DEBB1A1D59CA00D3700A /* RateView.h */ = {isa = PBXFileReference; fileEncoding = 4; lastKnownFileType = sourcecode.c.h; path = RateView.h; sourceTree = "<group>"; };
		BA51DEBC1A1D59CA00D3700A /* RateView.m */ = {isa = PBXFileReference; fileEncoding = 4; lastKnownFileType = sourcecode.c.objc; path = RateView.m; sourceTree = "<group>"; };
		BA51DEBE1A1D5A4800D3700A /* RatingTableViewCell.h */ = {isa = PBXFileReference; fileEncoding = 4; lastKnownFileType = sourcecode.c.h; path = RatingTableViewCell.h; sourceTree = "<group>"; };
		BA51DEBF1A1D5A4800D3700A /* RatingTableViewCell.m */ = {isa = PBXFileReference; fileEncoding = 4; lastKnownFileType = sourcecode.c.objc; path = RatingTableViewCell.m; sourceTree = "<group>"; };
		BA51DEC11A1D5A7400D3700A /* RatingViewCell.xib */ = {isa = PBXFileReference; fileEncoding = 4; lastKnownFileType = file.xib; path = RatingViewCell.xib; sourceTree = "<group>"; };
/* End PBXFileReference section */

/* Begin PBXFrameworksBuildPhase section */
		BA51DE891A1D4E7000D3700A /* Frameworks */ = {
			isa = PBXFrameworksBuildPhase;
			buildActionMask = 2147483647;
			files = (
			);
			runOnlyForDeploymentPostprocessing = 0;
		};
		BA51DEA21A1D4E7000D3700A /* Frameworks */ = {
			isa = PBXFrameworksBuildPhase;
			buildActionMask = 2147483647;
			files = (
			);
			runOnlyForDeploymentPostprocessing = 0;
		};
/* End PBXFrameworksBuildPhase section */

/* Begin PBXGroup section */
		BA51DE831A1D4E7000D3700A = {
			isa = PBXGroup;
			children = (
				BA51DE8E1A1D4E7000D3700A /* Assignment5 */,
				BA51DEA81A1D4E7000D3700A /* Assignment5Tests */,
				BA51DE8D1A1D4E7000D3700A /* Products */,
			);
			sourceTree = "<group>";
		};
		BA51DE8D1A1D4E7000D3700A /* Products */ = {
			isa = PBXGroup;
			children = (
				BA51DE8C1A1D4E7000D3700A /* Assignment5.app */,
				BA51DEA51A1D4E7000D3700A /* Assignment5Tests.xctest */,
			);
			name = Products;
			sourceTree = "<group>";
		};
		BA51DE8E1A1D4E7000D3700A /* Assignment5 */ = {
			isa = PBXGroup;
			children = (
				BA51DE931A1D4E7000D3700A /* AppDelegate.h */,
				BA51DE941A1D4E7000D3700A /* AppDelegate.m */,
				BA51DE961A1D4E7000D3700A /* InstructorListViewController.h */,
				BA51DE971A1D4E7000D3700A /* InstructorListViewController.m */,
				BA51DEB81A1D4FA700D3700A /* Instructor.h */,
				BA51DEB91A1D4FA700D3700A /* Instructor.m */,
				BA51DEB51A1D4EE400D3700A /* InstructorViewController.h */,
				BA51DEB61A1D4EE400D3700A /* InstructorViewController.m */,
				BA07BAB61A1D925900A4BB4C /* RateViewController.h */,
				BA07BAB71A1D925900A4BB4C /* RateViewController.m */,
				BA51DEBE1A1D5A4800D3700A /* RatingTableViewCell.h */,
				BA51DEBF1A1D5A4800D3700A /* RatingTableViewCell.m */,
				BA51DEBB1A1D59CA00D3700A /* RateView.h */,
				BA51DEBC1A1D59CA00D3700A /* RateView.m */,
				BA51DEC11A1D5A7400D3700A /* RatingViewCell.xib */,
				BA51DE991A1D4E7000D3700A /* Main.storyboard */,
				BA07BAB31A1D909900A4BB4C /* CommentsViewController.h */,
				BA07BAB41A1D909900A4BB4C /* CommentsViewController.m */,
				BA51DE9C1A1D4E7000D3700A /* Images.xcassets */,
				BA51DE9E1A1D4E7000D3700A /* LaunchScreen.xib */,
				BA51DE8F1A1D4E7000D3700A /* Supporting Files */,
			);
			path = Assignment5;
			sourceTree = "<group>";
		};
		BA51DE8F1A1D4E7000D3700A /* Supporting Files */ = {
			isa = PBXGroup;
			children = (
				BA3F23851A1DF8B7009E891B /* Star-Full.png */,
				BA3F23831A1DF89B009E891B /* Star-Half.png */,
				BA3F23871A1DF8C0009E891B /* Star-Empty.png */,
				BA51DE901A1D4E7000D3700A /* Info.plist */,
				BA51DE911A1D4E7000D3700A /* main.m */,
			);
			name = "Supporting Files";
			sourceTree = "<group>";
		};
		BA51DEA81A1D4E7000D3700A /* Assignment5Tests */ = {
			isa = PBXGroup;
			children = (
				BA51DEAB1A1D4E7000D3700A /* Assignment5Tests.m */,
				BA51DEA91A1D4E7000D3700A /* Supporting Files */,
			);
			path = Assignment5Tests;
			sourceTree = "<group>";
		};
		BA51DEA91A1D4E7000D3700A /* Supporting Files */ = {
			isa = PBXGroup;
			children = (
				BA51DEAA1A1D4E7000D3700A /* Info.plist */,
			);
			name = "Supporting Files";
			sourceTree = "<group>";
		};
/* End PBXGroup section */

/* Begin PBXNativeTarget section */
		BA51DE8B1A1D4E7000D3700A /* Assignment5 */ = {
			isa = PBXNativeTarget;
			buildConfigurationList = BA51DEAF1A1D4E7000D3700A /* Build configuration list for PBXNativeTarget "Assignment5" */;
			buildPhases = (
				BA51DE881A1D4E7000D3700A /* Sources */,
				BA51DE891A1D4E7000D3700A /* Frameworks */,
				BA51DE8A1A1D4E7000D3700A /* Resources */,
			);
			buildRules = (
			);
			dependencies = (
			);
			name = Assignment5;
			productName = Assignment5;
			productReference = BA51DE8C1A1D4E7000D3700A /* Assignment5.app */;
			productType = "com.apple.product-type.application";
		};
		BA51DEA41A1D4E7000D3700A /* Assignment5Tests */ = {
			isa = PBXNativeTarget;
			buildConfigurationList = BA51DEB21A1D4E7000D3700A /* Build configuration list for PBXNativeTarget "Assignment5Tests" */;
			buildPhases = (
				BA51DEA11A1D4E7000D3700A /* Sources */,
				BA51DEA21A1D4E7000D3700A /* Frameworks */,
				BA51DEA31A1D4E7000D3700A /* Resources */,
			);
			buildRules = (
			);
			dependencies = (
				BA51DEA71A1D4E7000D3700A /* PBXTargetDependency */,
			);
			name = Assignment5Tests;
			productName = Assignment5Tests;
			productReference = BA51DEA51A1D4E7000D3700A /* Assignment5Tests.xctest */;
			productType = "com.apple.product-type.bundle.unit-test";
		};
/* End PBXNativeTarget section */

/* Begin PBXProject section */
		BA51DE841A1D4E7000D3700A /* Project object */ = {
			isa = PBXProject;
			attributes = {
				LastUpgradeCheck = 0610;
				ORGANIZATIONNAME = "Rakshit Pithadia";
				TargetAttributes = {
					BA51DE8B1A1D4E7000D3700A = {
						CreatedOnToolsVersion = 6.1;
						DevelopmentTeam = H7739QEN48;
					};
					BA51DEA41A1D4E7000D3700A = {
						CreatedOnToolsVersion = 6.1;
						TestTargetID = BA51DE8B1A1D4E7000D3700A;
					};
				};
			};
			buildConfigurationList = BA51DE871A1D4E7000D3700A /* Build configuration list for PBXProject "Assignment5" */;
			compatibilityVersion = "Xcode 3.2";
			developmentRegion = English;
			hasScannedForEncodings = 0;
			knownRegions = (
				en,
				Base,
			);
			mainGroup = BA51DE831A1D4E7000D3700A;
			productRefGroup = BA51DE8D1A1D4E7000D3700A /* Products */;
			projectDirPath = "";
			projectRoot = "";
			targets = (
				BA51DE8B1A1D4E7000D3700A /* Assignment5 */,
				BA51DEA41A1D4E7000D3700A /* Assignment5Tests */,
			);
		};
/* End PBXProject section */

/* Begin PBXResourcesBuildPhase section */
		BA51DE8A1A1D4E7000D3700A /* Resources */ = {
			isa = PBXResourcesBuildPhase;
			buildActionMask = 2147483647;
			files = (
				BA3F23861A1DF8B7009E891B /* Star-Full.png in Resources */,
				BA51DE9B1A1D4E7000D3700A /* Main.storyboard in Resources */,
				BA51DEA01A1D4E7000D3700A /* LaunchScreen.xib in Resources */,
				BA51DE9D1A1D4E7000D3700A /* Images.xcassets in Resources */,
				BA3F23841A1DF89B009E891B /* Star-Half.png in Resources */,
				BA3F23881A1DF8C0009E891B /* Star-Empty.png in Resources */,
				BA51DEC21A1D5A7400D3700A /* RatingViewCell.xib in Resources */,
			);
			runOnlyForDeploymentPostprocessing = 0;
		};
		BA51DEA31A1D4E7000D3700A /* Resources */ = {
			isa = PBXResourcesBuildPhase;
			buildActionMask = 2147483647;
			files = (
			);
			runOnlyForDeploymentPostprocessing = 0;
		};
/* End PBXResourcesBuildPhase section */

/* Begin PBXSourcesBuildPhase section */
		BA51DE881A1D4E7000D3700A /* Sources */ = {
			isa = PBXSourcesBuildPhase;
			buildActionMask = 2147483647;
			files = (
				BA07BAB81A1D925900A4BB4C /* RateViewController.m in Sources */,
				BA51DE981A1D4E7000D3700A /* InstructorListViewController.m in Sources */,
				BA51DEBA1A1D4FA700D3700A /* Instructor.m in Sources */,
				BA51DEC01A1D5A4800D3700A /* RatingTableViewCell.m in Sources */,
				BA51DEBD1A1D59CA00D3700A /* RateView.m in Sources */,
				BA51DEB71A1D4EE400D3700A /* InstructorViewController.m in Sources */,
				BA07BAB51A1D909900A4BB4C /* CommentsViewController.m in Sources */,
				BA51DE951A1D4E7000D3700A /* AppDelegate.m in Sources */,
				BA51DE921A1D4E7000D3700A /* main.m in Sources */,
			);
			runOnlyForDeploymentPostprocessing = 0;
		};
		BA51DEA11A1D4E7000D3700A /* Sources */ = {
			isa = PBXSourcesBuildPhase;
			buildActionMask = 2147483647;
			files = (
				BA51DEAC1A1D4E7000D3700A /* Assignment5Tests.m in Sources */,
			);
			runOnlyForDeploymentPostprocessing = 0;
		};
/* End PBXSourcesBuildPhase section */

/* Begin PBXTargetDependency section */
		BA51DEA71A1D4E7000D3700A /* PBXTargetDependency */ = {
			isa = PBXTargetDependency;
			target = BA51DE8B1A1D4E7000D3700A /* Assignment5 */;
			targetProxy = BA51DEA61A1D4E7000D3700A /* PBXContainerItemProxy */;
		};
/* End PBXTargetDependency section */

/* Begin PBXVariantGroup section */
		BA51DE991A1D4E7000D3700A /* Main.storyboard */ = {
			isa = PBXVariantGroup;
			children = (
				BA51DE9A1A1D4E7000D3700A /* Base */,
			);
			name = Main.storyboard;
			sourceTree = "<group>";
		};
		BA51DE9E1A1D4E7000D3700A /* LaunchScreen.xib */ = {
			isa = PBXVariantGroup;
			children = (
				BA51DE9F1A1D4E7000D3700A /* Base */,
			);
			name = LaunchScreen.xib;
			sourceTree = "<group>";
		};
/* End PBXVariantGroup section */

/* Begin XCBuildConfiguration section */
		BA51DEAD1A1D4E7000D3700A /* Debug */ = {
			isa = XCBuildConfiguration;
			buildSettings = {
				ALWAYS_SEARCH_USER_PATHS = NO;
				CLANG_CXX_LANGUAGE_STANDARD = "gnu++0x";
				CLANG_CXX_LIBRARY = "libc++";
				CLANG_ENABLE_MODULES = YES;
				CLANG_ENABLE_OBJC_ARC = YES;
				CLANG_WARN_BOOL_CONVERSION = YES;
				CLANG_WARN_CONSTANT_CONVERSION = YES;
				CLANG_WARN_DIRECT_OBJC_ISA_USAGE = YES_ERROR;
				CLANG_WARN_EMPTY_BODY = YES;
				CLANG_WARN_ENUM_CONVERSION = YES;
				CLANG_WARN_INT_CONVERSION = YES;
				CLANG_WARN_OBJC_ROOT_CLASS = YES_ERROR;
				CLANG_WARN_UNREACHABLE_CODE = YES;
				CLANG_WARN__DUPLICATE_METHOD_MATCH = YES;
				"CODE_SIGN_IDENTITY[sdk=iphoneos*]" = "iPhone Developer";
				COPY_PHASE_STRIP = NO;
				ENABLE_STRICT_OBJC_MSGSEND = YES;
				GCC_C_LANGUAGE_STANDARD = gnu99;
				GCC_DYNAMIC_NO_PIC = NO;
				GCC_OPTIMIZATION_LEVEL = 0;
				GCC_PREPROCESSOR_DEFINITIONS = (
					"DEBUG=1",
					"$(inherited)",
				);
				GCC_SYMBOLS_PRIVATE_EXTERN = NO;
				GCC_WARN_64_TO_32_BIT_CONVERSION = YES;
				GCC_WARN_ABOUT_RETURN_TYPE = YES_ERROR;
				GCC_WARN_UNDECLARED_SELECTOR = YES;
				GCC_WARN_UNINITIALIZED_AUTOS = YES_AGGRESSIVE;
				GCC_WARN_UNUSED_FUNCTION = YES;
				GCC_WARN_UNUSED_VARIABLE = YES;
				IPHONEOS_DEPLOYMENT_TARGET = 8.1;
				MTL_ENABLE_DEBUG_INFO = YES;
				ONLY_ACTIVE_ARCH = YES;
				SDKROOT = iphoneos;
			};
			name = Debug;
		};
		BA51DEAE1A1D4E7000D3700A /* Release */ = {
			isa = XCBuildConfiguration;
			buildSettings = {
				ALWAYS_SEARCH_USER_PATHS = NO;
				CLANG_CXX_LANGUAGE_STANDARD = "gnu++0x";
				CLANG_CXX_LIBRARY = "libc++";
				CLANG_ENABLE_MODULES = YES;
				CLANG_ENABLE_OBJC_ARC = YES;
				CLANG_WARN_BOOL_CONVERSION = YES;
				CLANG_WARN_CONSTANT_CONVERSION = YES;
				CLANG_WARN_DIRECT_OBJC_ISA_USAGE = YES_ERROR;
				CLANG_WARN_EMPTY_BODY = YES;
				CLANG_WARN_ENUM_CONVERSION = YES;
				CLANG_WARN_INT_CONVERSION = YES;
				CLANG_WARN_OBJC_ROOT_CLASS = YES_ERROR;
				CLANG_WARN_UNREACHABLE_CODE = YES;
				CLANG_WARN__DUPLICATE_METHOD_MATCH = YES;
				"CODE_SIGN_IDENTITY[sdk=iphoneos*]" = "iPhone Developer";
				COPY_PHASE_STRIP = YES;
				ENABLE_NS_ASSERTIONS = NO;
				ENABLE_STRICT_OBJC_MSGSEND = YES;
				GCC_C_LANGUAGE_STANDARD = gnu99;
				GCC_WARN_64_TO_32_BIT_CONVERSION = YES;
				GCC_WARN_ABOUT_RETURN_TYPE = YES_ERROR;
				GCC_WARN_UNDECLARED_SELECTOR = YES;
				GCC_WARN_UNINITIALIZED_AUTOS = YES_AGGRESSIVE;
				GCC_WARN_UNUSED_FUNCTION = YES;
				GCC_WARN_UNUSED_VARIABLE = YES;
				IPHONEOS_DEPLOYMENT_TARGET = 8.1;
				MTL_ENABLE_DEBUG_INFO = NO;
				SDKROOT = iphoneos;
				VALIDATE_PRODUCT = YES;
			};
			name = Release;
		};
		BA51DEB01A1D4E7000D3700A /* Debug */ = {
			isa = XCBuildConfiguration;
			buildSettings = {
				ASSETCATALOG_COMPILER_APPICON_NAME = AppIcon;
				CODE_SIGN_IDENTITY = "iPhone Developer";
				INFOPLIST_FILE = Assignment5/Info.plist;
				LD_RUNPATH_SEARCH_PATHS = "$(inherited) @executable_path/Frameworks";
				PRODUCT_NAME = "$(TARGET_NAME)";
			};
			name = Debug;
		};
		BA51DEB11A1D4E7000D3700A /* Release */ = {
			isa = XCBuildConfiguration;
			buildSettings = {
				ASSETCATALOG_COMPILER_APPICON_NAME = AppIcon;
				CODE_SIGN_IDENTITY = "iPhone Developer";
				INFOPLIST_FILE = Assignment5/Info.plist;
				LD_RUNPATH_SEARCH_PATHS = "$(inherited) @executable_path/Frameworks";
				PRODUCT_NAME = "$(TARGET_NAME)";
			};
			name = Release;
		};
		BA51DEB31A1D4E7000D3700A /* Debug */ = {
			isa = XCBuildConfiguration;
			buildSettings = {
				BUNDLE_LOADER = "$(TEST_HOST)";
				FRAMEWORK_SEARCH_PATHS = (
					"$(SDKROOT)/Developer/Library/Frameworks",
					"$(inherited)",
				);
				GCC_PREPROCESSOR_DEFINITIONS = (
					"DEBUG=1",
					"$(inherited)",
				);
				INFOPLIST_FILE = Assignment5Tests/Info.plist;
				LD_RUNPATH_SEARCH_PATHS = "$(inherited) @executable_path/Frameworks @loader_path/Frameworks";
				PRODUCT_NAME = "$(TARGET_NAME)";
				TEST_HOST = "$(BUILT_PRODUCTS_DIR)/Assignment5.app/Assignment5";
			};
			name = Debug;
		};
		BA51DEB41A1D4E7000D3700A /* Release */ = {
			isa = XCBuildConfiguration;
			buildSettings = {
				BUNDLE_LOADER = "$(TEST_HOST)";
				FRAMEWORK_SEARCH_PATHS = (
					"$(SDKROOT)/Developer/Library/Frameworks",
					"$(inherited)",
				);
				INFOPLIST_FILE = Assignment5Tests/Info.plist;
				LD_RUNPATH_SEARCH_PATHS = "$(inherited) @executable_path/Frameworks @loader_path/Frameworks";
				PRODUCT_NAME = "$(TARGET_NAME)";
				TEST_HOST = "$(BUILT_PRODUCTS_DIR)/Assignment5.app/Assignment5";
			};
			name = Release;
		};
/* End XCBuildConfiguration section */

/* Begin XCConfigurationList section */
		BA51DE871A1D4E7000D3700A /* Build configuration list for PBXProject "Assignment5" */ = {
			isa = XCConfigurationList;
			buildConfigurations = (
				BA51DEAD1A1D4E7000D3700A /* Debug */,
				BA51DEAE1A1D4E7000D3700A /* Release */,
			);
			defaultConfigurationIsVisible = 0;
			defaultConfigurationName = Release;
		};
		BA51DEAF1A1D4E7000D3700A /* Build configuration list for PBXNativeTarget "Assignment5" */ = {
			isa = XCConfigurationList;
			buildConfigurations = (
				BA51DEB01A1D4E7000D3700A /* Debug */,
				BA51DEB11A1D4E7000D3700A /* Release */,
			);
			defaultConfigurationIsVisible = 0;
			defaultConfigurationName = Release;
		};
		BA51DEB21A1D4E7000D3700A /* Build configuration list for PBXNativeTarget "Assignment5Tests" */ = {
			isa = XCConfigurationList;
			buildConfigurations = (
				BA51DEB31A1D4E7000D3700A /* Debug */,
				BA51DEB41A1D4E7000D3700A /* Release */,
			);
			defaultConfigurationIsVisible = 0;
			defaultConfigurationName = Release;
		};
/* End XCConfigurationList section */
	};
	rootObject = BA51DE841A1D4E7000D3700A /* Project object */;
}
