// !$*UTF8*$!
{
	archiveVersion = 1;
	classes = {
	};
	objectVersion = 46;
	objects = {

/* Begin PBXBuildFile section */
		BA5B867D19DCB9C00006A9BB /* main.m in Sources */ = {isa = PBXBuildFile; fileRef = BA5B867C19DCB9C00006A9BB /* main.m */; };
		BA5B868019DCB9C00006A9BB /* AppDelegate.m in Sources */ = {isa = PBXBuildFile; fileRef = BA5B867F19DCB9C00006A9BB /* AppDelegate.m */; };
		BA5B868319DCB9C00006A9BB /* ViewController.m in Sources */ = {isa = PBXBuildFile; fileRef = BA5B868219DCB9C00006A9BB /* ViewController.m */; };
		BA5B868619DCB9C00006A9BB /* Main.storyboard in Resources */ = {isa = PBXBuildFile; fileRef = BA5B868419DCB9C00006A9BB /* Main.storyboard */; };
		BA5B868819DCB9C00006A9BB /* Images.xcassets in Resources */ = {isa = PBXBuildFile; fileRef = BA5B868719DCB9C00006A9BB /* Images.xcassets */; };
		BA5B868B19DCB9C00006A9BB /* LaunchScreen.xib in Resources */ = {isa = PBXBuildFile; fileRef = BA5B868919DCB9C00006A9BB /* LaunchScreen.xib */; };
		BA5B869719DCB9C00006A9BB /* Assignment3Tests.m in Sources */ = {isa = PBXBuildFile; fileRef = BA5B869619DCB9C00006A9BB /* Assignment3Tests.m */; };
/* End PBXBuildFile section */

/* Begin PBXContainerItemProxy section */
		BA5B869119DCB9C00006A9BB /* PBXContainerItemProxy */ = {
			isa = PBXContainerItemProxy;
			containerPortal = BA5B866F19DCB9BF0006A9BB /* Project object */;
			proxyType = 1;
			remoteGlobalIDString = BA5B867619DCB9BF0006A9BB;
			remoteInfo = Assignment3;
		};
/* End PBXContainerItemProxy section */

/* Begin PBXFileReference section */
		BA5B867719DCB9BF0006A9BB /* Assignment3.app */ = {isa = PBXFileReference; explicitFileType = wrapper.application; includeInIndex = 0; path = Assignment3.app; sourceTree = BUILT_PRODUCTS_DIR; };
		BA5B867B19DCB9C00006A9BB /* Info.plist */ = {isa = PBXFileReference; lastKnownFileType = text.plist.xml; path = Info.plist; sourceTree = "<group>"; };
		BA5B867C19DCB9C00006A9BB /* main.m */ = {isa = PBXFileReference; lastKnownFileType = sourcecode.c.objc; path = main.m; sourceTree = "<group>"; };
		BA5B867E19DCB9C00006A9BB /* AppDelegate.h */ = {isa = PBXFileReference; lastKnownFileType = sourcecode.c.h; path = AppDelegate.h; sourceTree = "<group>"; };
		BA5B867F19DCB9C00006A9BB /* AppDelegate.m */ = {isa = PBXFileReference; lastKnownFileType = sourcecode.c.objc; path = AppDelegate.m; sourceTree = "<group>"; };
		BA5B868119DCB9C00006A9BB /* ViewController.h */ = {isa = PBXFileReference; lastKnownFileType = sourcecode.c.h; path = ViewController.h; sourceTree = "<group>"; };
		BA5B868219DCB9C00006A9BB /* ViewController.m */ = {isa = PBXFileReference; lastKnownFileType = sourcecode.c.objc; path = ViewController.m; sourceTree = "<group>"; };
		BA5B868519DCB9C00006A9BB /* Base */ = {isa = PBXFileReference; lastKnownFileType = file.storyboard; name = Base; path = Base.lproj/Main.storyboard; sourceTree = "<group>"; };
		BA5B868719DCB9C00006A9BB /* Images.xcassets */ = {isa = PBXFileReference; lastKnownFileType = folder.assetcatalog; path = Images.xcassets; sourceTree = "<group>"; };
		BA5B868A19DCB9C00006A9BB /* Base */ = {isa = PBXFileReference; lastKnownFileType = file.xib; name = Base; path = Base.lproj/LaunchScreen.xib; sourceTree = "<group>"; };
		BA5B869019DCB9C00006A9BB /* Assignment3Tests.xctest */ = {isa = PBXFileReference; explicitFileType = wrapper.cfbundle; includeInIndex = 0; path = Assignment3Tests.xctest; sourceTree = BUILT_PRODUCTS_DIR; };
		BA5B869519DCB9C00006A9BB /* Info.plist */ = {isa = PBXFileReference; lastKnownFileType = text.plist.xml; path = Info.plist; sourceTree = "<group>"; };
		BA5B869619DCB9C00006A9BB /* Assignment3Tests.m */ = {isa = PBXFileReference; lastKnownFileType = sourcecode.c.objc; path = Assignment3Tests.m; sourceTree = "<group>"; };
/* End PBXFileReference section */

/* Begin PBXFrameworksBuildPhase section */
		BA5B867419DCB9BF0006A9BB /* Frameworks */ = {
			isa = PBXFrameworksBuildPhase;
			buildActionMask = 2147483647;
			files = (
			);
			runOnlyForDeploymentPostprocessing = 0;
		};
		BA5B868D19DCB9C00006A9BB /* Frameworks */ = {
			isa = PBXFrameworksBuildPhase;
			buildActionMask = 2147483647;
			files = (
			);
			runOnlyForDeploymentPostprocessing = 0;
		};
/* End PBXFrameworksBuildPhase section */

/* Begin PBXGroup section */
		BA5B866E19DCB9BF0006A9BB = {
			isa = PBXGroup;
			children = (
				BA5B867919DCB9BF0006A9BB /* Assignment3 */,
				BA5B869319DCB9C00006A9BB /* Assignment3Tests */,
				BA5B867819DCB9BF0006A9BB /* Products */,
			);
			sourceTree = "<group>";
		};
		BA5B867819DCB9BF0006A9BB /* Products */ = {
			isa = PBXGroup;
			children = (
				BA5B867719DCB9BF0006A9BB /* Assignment3.app */,
				BA5B869019DCB9C00006A9BB /* Assignment3Tests.xctest */,
			);
			name = Products;
			sourceTree = "<group>";
		};
		BA5B867919DCB9BF0006A9BB /* Assignment3 */ = {
			isa = PBXGroup;
			children = (
				BA5B867E19DCB9C00006A9BB /* AppDelegate.h */,
				BA5B867F19DCB9C00006A9BB /* AppDelegate.m */,
				BA5B868119DCB9C00006A9BB /* ViewController.h */,
				BA5B868219DCB9C00006A9BB /* ViewController.m */,
				BA5B868419DCB9C00006A9BB /* Main.storyboard */,
				BA5B868719DCB9C00006A9BB /* Images.xcassets */,
				BA5B868919DCB9C00006A9BB /* LaunchScreen.xib */,
				BA5B867A19DCB9BF0006A9BB /* Supporting Files */,
			);
			path = Assignment3;
			sourceTree = "<group>";
		};
		BA5B867A19DCB9BF0006A9BB /* Supporting Files */ = {
			isa = PBXGroup;
			children = (
				BA5B867B19DCB9C00006A9BB /* Info.plist */,
				BA5B867C19DCB9C00006A9BB /* main.m */,
			);
			name = "Supporting Files";
			sourceTree = "<group>";
		};
		BA5B869319DCB9C00006A9BB /* Assignment3Tests */ = {
			isa = PBXGroup;
			children = (
				BA5B869619DCB9C00006A9BB /* Assignment3Tests.m */,
				BA5B869419DCB9C00006A9BB /* Supporting Files */,
			);
			path = Assignment3Tests;
			sourceTree = "<group>";
		};
		BA5B869419DCB9C00006A9BB /* Supporting Files */ = {
			isa = PBXGroup;
			children = (
				BA5B869519DCB9C00006A9BB /* Info.plist */,
			);
			name = "Supporting Files";
			sourceTree = "<group>";
		};
/* End PBXGroup section */

/* Begin PBXNativeTarget section */
		BA5B867619DCB9BF0006A9BB /* Assignment3 */ = {
			isa = PBXNativeTarget;
			buildConfigurationList = BA5B869A19DCB9C00006A9BB /* Build configuration list for PBXNativeTarget "Assignment3" */;
			buildPhases = (
				BA5B867319DCB9BF0006A9BB /* Sources */,
				BA5B867419DCB9BF0006A9BB /* Frameworks */,
				BA5B867519DCB9BF0006A9BB /* Resources */,
			);
			buildRules = (
			);
			dependencies = (
			);
			name = Assignment3;
			productName = Assignment3;
			productReference = BA5B867719DCB9BF0006A9BB /* Assignment3.app */;
			productType = "com.apple.product-type.application";
		};
		BA5B868F19DCB9C00006A9BB /* Assignment3Tests */ = {
			isa = PBXNativeTarget;
			buildConfigurationList = BA5B869D19DCB9C00006A9BB /* Build configuration list for PBXNativeTarget "Assignment3Tests" */;
			buildPhases = (
				BA5B868C19DCB9C00006A9BB /* Sources */,
				BA5B868D19DCB9C00006A9BB /* Frameworks */,
				BA5B868E19DCB9C00006A9BB /* Resources */,
			);
			buildRules = (
			);
			dependencies = (
				BA5B869219DCB9C00006A9BB /* PBXTargetDependency */,
			);
			name = Assignment3Tests;
			productName = Assignment3Tests;
			productReference = BA5B869019DCB9C00006A9BB /* Assignment3Tests.xctest */;
			productType = "com.apple.product-type.bundle.unit-test";
		};
/* End PBXNativeTarget section */

/* Begin PBXProject section */
		BA5B866F19DCB9BF0006A9BB /* Project object */ = {
			isa = PBXProject;
			attributes = {
				LastUpgradeCheck = 0600;
				ORGANIZATIONNAME = "Rakshit Pithadia";
				TargetAttributes = {
					BA5B867619DCB9BF0006A9BB = {
						CreatedOnToolsVersion = 6.0.1;
						DevelopmentTeam = H7739QEN48;
					};
					BA5B868F19DCB9C00006A9BB = {
						CreatedOnToolsVersion = 6.0.1;
						TestTargetID = BA5B867619DCB9BF0006A9BB;
					};
				};
			};
			buildConfigurationList = BA5B867219DCB9BF0006A9BB /* Build configuration list for PBXProject "Assignment3" */;
			compatibilityVersion = "Xcode 3.2";
			developmentRegion = English;
			hasScannedForEncodings = 0;
			knownRegions = (
				en,
				Base,
			);
			mainGroup = BA5B866E19DCB9BF0006A9BB;
			productRefGroup = BA5B867819DCB9BF0006A9BB /* Products */;
			projectDirPath = "";
			projectRoot = "";
			targets = (
				BA5B867619DCB9BF0006A9BB /* Assignment3 */,
				BA5B868F19DCB9C00006A9BB /* Assignment3Tests */,
			);
		};
/* End PBXProject section */

/* Begin PBXResourcesBuildPhase section */
		BA5B867519DCB9BF0006A9BB /* Resources */ = {
			isa = PBXResourcesBuildPhase;
			buildActionMask = 2147483647;
			files = (
				BA5B868619DCB9C00006A9BB /* Main.storyboard in Resources */,
				BA5B868B19DCB9C00006A9BB /* LaunchScreen.xib in Resources */,
				BA5B868819DCB9C00006A9BB /* Images.xcassets in Resources */,
			);
			runOnlyForDeploymentPostprocessing = 0;
		};
		BA5B868E19DCB9C00006A9BB /* Resources */ = {
			isa = PBXResourcesBuildPhase;
			buildActionMask = 2147483647;
			files = (
			);
			runOnlyForDeploymentPostprocessing = 0;
		};
/* End PBXResourcesBuildPhase section */

/* Begin PBXSourcesBuildPhase section */
		BA5B867319DCB9BF0006A9BB /* Sources */ = {
			isa = PBXSourcesBuildPhase;
			buildActionMask = 2147483647;
			files = (
				BA5B868319DCB9C00006A9BB /* ViewController.m in Sources */,
				BA5B868019DCB9C00006A9BB /* AppDelegate.m in Sources */,
				BA5B867D19DCB9C00006A9BB /* main.m in Sources */,
			);
			runOnlyForDeploymentPostprocessing = 0;
		};
		BA5B868C19DCB9C00006A9BB /* Sources */ = {
			isa = PBXSourcesBuildPhase;
			buildActionMask = 2147483647;
			files = (
				BA5B869719DCB9C00006A9BB /* Assignment3Tests.m in Sources */,
			);
			runOnlyForDeploymentPostprocessing = 0;
		};
/* End PBXSourcesBuildPhase section */

/* Begin PBXTargetDependency section */
		BA5B869219DCB9C00006A9BB /* PBXTargetDependency */ = {
			isa = PBXTargetDependency;
			target = BA5B867619DCB9BF0006A9BB /* Assignment3 */;
			targetProxy = BA5B869119DCB9C00006A9BB /* PBXContainerItemProxy */;
		};
/* End PBXTargetDependency section */

/* Begin PBXVariantGroup section */
		BA5B868419DCB9C00006A9BB /* Main.storyboard */ = {
			isa = PBXVariantGroup;
			children = (
				BA5B868519DCB9C00006A9BB /* Base */,
			);
			name = Main.storyboard;
			sourceTree = "<group>";
		};
		BA5B868919DCB9C00006A9BB /* LaunchScreen.xib */ = {
			isa = PBXVariantGroup;
			children = (
				BA5B868A19DCB9C00006A9BB /* Base */,
			);
			name = LaunchScreen.xib;
			sourceTree = "<group>";
		};
/* End PBXVariantGroup section */

/* Begin XCBuildConfiguration section */
		BA5B869819DCB9C00006A9BB /* Debug */ = {
			isa = XCBuildConfiguration;
			buildSettings = {
				ALWAYS_SEARCH_USER_PATHS = NO;
				CLANG_CXX_LANGUAGE_STANDARD = "gnu++0x";
				CLANG_CXX_LIBRARY = "libc++";
				CLANG_ENABLE_MODULES = YES;
				CLANG_ENABLE_OBJC_ARC = YES;
				CLANG_WARN_BOOL_CONVERSION = YES;
				CLANG_WARN_CONSTANT_CONVERSION = YES;
				CLANG_WARN_DIRECT_OBJC_ISA_USAGE = YES_ERROR;
				CLANG_WARN_EMPTY_BODY = YES;
				CLANG_WARN_ENUM_CONVERSION = YES;
				CLANG_WARN_INT_CONVERSION = YES;
				CLANG_WARN_OBJC_ROOT_CLASS = YES_ERROR;
				CLANG_WARN_UNREACHABLE_CODE = YES;
				CLANG_WARN__DUPLICATE_METHOD_MATCH = YES;
				"CODE_SIGN_IDENTITY[sdk=iphoneos*]" = "iPhone Developer";
				COPY_PHASE_STRIP = NO;
				ENABLE_STRICT_OBJC_MSGSEND = YES;
				GCC_C_LANGUAGE_STANDARD = gnu99;
				GCC_DYNAMIC_NO_PIC = NO;
				GCC_OPTIMIZATION_LEVEL = 0;
				GCC_PREPROCESSOR_DEFINITIONS = (
					"DEBUG=1",
					"$(inherited)",
				);
				GCC_SYMBOLS_PRIVATE_EXTERN = NO;
				GCC_WARN_64_TO_32_BIT_CONVERSION = YES;
				GCC_WARN_ABOUT_RETURN_TYPE = YES_ERROR;
				GCC_WARN_UNDECLARED_SELECTOR = YES;
				GCC_WARN_UNINITIALIZED_AUTOS = YES_AGGRESSIVE;
				GCC_WARN_UNUSED_FUNCTION = YES;
				GCC_WARN_UNUSED_VARIABLE = YES;
				IPHONEOS_DEPLOYMENT_TARGET = 8.0;
				MTL_ENABLE_DEBUG_INFO = YES;
				ONLY_ACTIVE_ARCH = YES;
				SDKROOT = iphoneos;
			};
			name = Debug;
		};
		BA5B869919DCB9C00006A9BB /* Release */ = {
			isa = XCBuildConfiguration;
			buildSettings = {
				ALWAYS_SEARCH_USER_PATHS = NO;
				CLANG_CXX_LANGUAGE_STANDARD = "gnu++0x";
				CLANG_CXX_LIBRARY = "libc++";
				CLANG_ENABLE_MODULES = YES;
				CLANG_ENABLE_OBJC_ARC = YES;
				CLANG_WARN_BOOL_CONVERSION = YES;
				CLANG_WARN_CONSTANT_CONVERSION = YES;
				CLANG_WARN_DIRECT_OBJC_ISA_USAGE = YES_ERROR;
				CLANG_WARN_EMPTY_BODY = YES;
				CLANG_WARN_ENUM_CONVERSION = YES;
				CLANG_WARN_INT_CONVERSION = YES;
				CLANG_WARN_OBJC_ROOT_CLASS = YES_ERROR;
				CLANG_WARN_UNREACHABLE_CODE = YES;
				CLANG_WARN__DUPLICATE_METHOD_MATCH = YES;
				"CODE_SIGN_IDENTITY[sdk=iphoneos*]" = "iPhone Developer";
				COPY_PHASE_STRIP = YES;
				ENABLE_NS_ASSERTIONS = NO;
				ENABLE_STRICT_OBJC_MSGSEND = YES;
				GCC_C_LANGUAGE_STANDARD = gnu99;
				GCC_WARN_64_TO_32_BIT_CONVERSION = YES;
				GCC_WARN_ABOUT_RETURN_TYPE = YES_ERROR;
				GCC_WARN_UNDECLARED_SELECTOR = YES;
				GCC_WARN_UNINITIALIZED_AUTOS = YES_AGGRESSIVE;
				GCC_WARN_UNUSED_FUNCTION = YES;
				GCC_WARN_UNUSED_VARIABLE = YES;
				IPHONEOS_DEPLOYMENT_TARGET = 8.0;
				MTL_ENABLE_DEBUG_INFO = NO;
				SDKROOT = iphoneos;
				VALIDATE_PRODUCT = YES;
			};
			name = Release;
		};
		BA5B869B19DCB9C00006A9BB /* Debug */ = {
			isa = XCBuildConfiguration;
			buildSettings = {
				ASSETCATALOG_COMPILER_APPICON_NAME = AppIcon;
				INFOPLIST_FILE = Assignment3/Info.plist;
				LD_RUNPATH_SEARCH_PATHS = "$(inherited) @executable_path/Frameworks";
				PRODUCT_NAME = "$(TARGET_NAME)";
			};
			name = Debug;
		};
		BA5B869C19DCB9C00006A9BB /* Release */ = {
			isa = XCBuildConfiguration;
			buildSettings = {
				ASSETCATALOG_COMPILER_APPICON_NAME = AppIcon;
				INFOPLIST_FILE = Assignment3/Info.plist;
				LD_RUNPATH_SEARCH_PATHS = "$(inherited) @executable_path/Frameworks";
				PRODUCT_NAME = "$(TARGET_NAME)";
			};
			name = Release;
		};
		BA5B869E19DCB9C00006A9BB /* Debug */ = {
			isa = XCBuildConfiguration;
			buildSettings = {
				BUNDLE_LOADER = "$(TEST_HOST)";
				FRAMEWORK_SEARCH_PATHS = (
					"$(SDKROOT)/Developer/Library/Frameworks",
					"$(inherited)",
				);
				GCC_PREPROCESSOR_DEFINITIONS = (
					"DEBUG=1",
					"$(inherited)",
				);
				INFOPLIST_FILE = Assignment3Tests/Info.plist;
				LD_RUNPATH_SEARCH_PATHS = "$(inherited) @executable_path/Frameworks @loader_path/Frameworks";
				PRODUCT_NAME = "$(TARGET_NAME)";
				TEST_HOST = "$(BUILT_PRODUCTS_DIR)/Assignment3.app/Assignment3";
			};
			name = Debug;
		};
		BA5B869F19DCB9C00006A9BB /* Release */ = {
			isa = XCBuildConfiguration;
			buildSettings = {
				BUNDLE_LOADER = "$(TEST_HOST)";
				FRAMEWORK_SEARCH_PATHS = (
					"$(SDKROOT)/Developer/Library/Frameworks",
					"$(inherited)",
				);
				INFOPLIST_FILE = Assignment3Tests/Info.plist;
				LD_RUNPATH_SEARCH_PATHS = "$(inherited) @executable_path/Frameworks @loader_path/Frameworks";
				PRODUCT_NAME = "$(TARGET_NAME)";
				TEST_HOST = "$(BUILT_PRODUCTS_DIR)/Assignment3.app/Assignment3";
			};
			name = Release;
		};
/* End XCBuildConfiguration section */

/* Begin XCConfigurationList section */
		BA5B867219DCB9BF0006A9BB /* Build configuration list for PBXProject "Assignment3" */ = {
			isa = XCConfigurationList;
			buildConfigurations = (
				BA5B869819DCB9C00006A9BB /* Debug */,
				BA5B869919DCB9C00006A9BB /* Release */,
			);
			defaultConfigurationIsVisible = 0;
			defaultConfigurationName = Release;
		};
		BA5B869A19DCB9C00006A9BB /* Build configuration list for PBXNativeTarget "Assignment3" */ = {
			isa = XCConfigurationList;
			buildConfigurations = (
				BA5B869B19DCB9C00006A9BB /* Debug */,
				BA5B869C19DCB9C00006A9BB /* Release */,
			);
			defaultConfigurationIsVisible = 0;
			defaultConfigurationName = Release;
		};
		BA5B869D19DCB9C00006A9BB /* Build configuration list for PBXNativeTarget "Assignment3Tests" */ = {
			isa = XCConfigurationList;
			buildConfigurations = (
				BA5B869E19DCB9C00006A9BB /* Debug */,
				BA5B869F19DCB9C00006A9BB /* Release */,
			);
			defaultConfigurationIsVisible = 0;
			defaultConfigurationName = Release;
		};
/* End XCConfigurationList section */
	};
	rootObject = BA5B866F19DCB9BF0006A9BB /* Project object */;
}
